
Microsoft Visual Studio Solution File, Format Version 12.00
# Visual Studio Version 16
VisualStudioVersion = 16.0.30804.86
MinimumVisualStudioVersion = 10.0.40219.1
Project("{FAE04EC0-301F-11D3-BF4B-00C04F79EFBC}") = "ComicBookGallery", "ComicBookGallery.csproj", "{9F9BAEDF-8C90-48AF-BB3E-9A9C5448488A}"
EndProject
Global
	GlobalSection(SolutionConfigurationPlatforms) = preSolution
		Debug|Any CPU = Debug|Any CPU
		Release|Any CPU = Release|Any CPU
	EndGlobalSection
	GlobalSection(ProjectConfigurationPlatforms) = postSolution
		{9F9BAEDF-8C90-48AF-BB3E-9A9C5448488A}.Debug|Any CPU.ActiveCfg = Debug|Any CPU
		{9F9BAEDF-8C90-48AF-BB3E-9A9C5448488A}.Debug|Any CPU.Build.0 = Debug|Any CPU
		{9F9BAEDF-8C90-48AF-BB3E-9A9C5448488A}.Release|Any CPU.ActiveCfg = Release|Any CPU
		{9F9BAEDF-8C90-48AF-BB3E-9A9C5448488A}.Release|Any CPU.Build.0 = Release|Any CPU
	EndGlobalSection
	GlobalSection(SolutionProperties) = preSolution
		HideSolutionNode = FALSE
	EndGlobalSection
	GlobalSection(ExtensibilityGlobals) = postSolution
		SolutionGuid = {AB809B91-111E-4D3D-946E-A293B40AE72A}
	EndGlobalSection
EndGlobal
